// !$*UTF8*$!
{
	archiveVersion = 1;
	classes = {
	};
	objectVersion = 56;
	objects = {

/* Begin PBXBuildFile section */
		04AC4458292AB3AA00BEC762 /* AppDelegate.swift in Sources */ = {isa = PBXBuildFile; fileRef = 04AC4457292AB3AA00BEC762 /* AppDelegate.swift */; };
		04AC445A292AB3AA00BEC762 /* SceneDelegate.swift in Sources */ = {isa = PBXBuildFile; fileRef = 04AC4459292AB3AA00BEC762 /* SceneDelegate.swift */; };
		04AC445C292AB3AA00BEC762 /* ViewController.swift in Sources */ = {isa = PBXBuildFile; fileRef = 04AC445B292AB3AA00BEC762 /* ViewController.swift */; };
		04AC445F292AB3AA00BEC762 /* Main.storyboard in Resources */ = {isa = PBXBuildFile; fileRef = 04AC445D292AB3AA00BEC762 /* Main.storyboard */; };
		04AC4461292AB3AB00BEC762 /* Assets.xcassets in Resources */ = {isa = PBXBuildFile; fileRef = 04AC4460292AB3AB00BEC762 /* Assets.xcassets */; };
		04AC4464292AB3AB00BEC762 /* LaunchScreen.storyboard in Resources */ = {isa = PBXBuildFile; fileRef = 04AC4462292AB3AB00BEC762 /* LaunchScreen.storyboard */; };
		04AC446F292AB3AB00BEC762 /* video_playerTests.swift in Sources */ = {isa = PBXBuildFile; fileRef = 04AC446E292AB3AB00BEC762 /* video_playerTests.swift */; };
		04AC4479292AB3AB00BEC762 /* video_playerUITests.swift in Sources */ = {isa = PBXBuildFile; fileRef = 04AC4478292AB3AB00BEC762 /* video_playerUITests.swift */; };
		04AC447B292AB3AB00BEC762 /* video_playerUITestsLaunchTests.swift in Sources */ = {isa = PBXBuildFile; fileRef = 04AC447A292AB3AB00BEC762 /* video_playerUITestsLaunchTests.swift */; };
		04AC4488292AB99100BEC762 /* Facebook gives a glimpse of metaverse, its planned virtual reality world.mp4 in Resources */ = {isa = PBXBuildFile; fileRef = 04AC4487292AB99100BEC762 /* Facebook gives a glimpse of metaverse, its planned virtual reality world.mp4 */; };
/* End PBXBuildFile section */

/* Begin PBXContainerItemProxy section */
		04AC446B292AB3AB00BEC762 /* PBXContainerItemProxy */ = {
			isa = PBXContainerItemProxy;
			containerPortal = 04AC444C292AB3AA00BEC762 /* Project object */;
			proxyType = 1;
			remoteGlobalIDString = 04AC4453292AB3AA00BEC762;
			remoteInfo = video_player;
		};
		04AC4475292AB3AB00BEC762 /* PBXContainerItemProxy */ = {
			isa = PBXContainerItemProxy;
			containerPortal = 04AC444C292AB3AA00BEC762 /* Project object */;
			proxyType = 1;
			remoteGlobalIDString = 04AC4453292AB3AA00BEC762;
			remoteInfo = video_player;
		};
/* End PBXContainerItemProxy section */

/* Begin PBXFileReference section */
		04AC4454292AB3AA00BEC762 /* video_player.app */ = {isa = PBXFileReference; explicitFileType = wrapper.application; includeInIndex = 0; path = video_player.app; sourceTree = BUILT_PRODUCTS_DIR; };
		04AC4457292AB3AA00BEC762 /* AppDelegate.swift */ = {isa = PBXFileReference; lastKnownFileType = sourcecode.swift; path = AppDelegate.swift; sourceTree = "<group>"; };
		04AC4459292AB3AA00BEC762 /* SceneDelegate.swift */ = {isa = PBXFileReference; lastKnownFileType = sourcecode.swift; path = SceneDelegate.swift; sourceTree = "<group>"; };
		04AC445B292AB3AA00BEC762 /* ViewController.swift */ = {isa = PBXFileReference; lastKnownFileType = sourcecode.swift; path = ViewController.swift; sourceTree = "<group>"; };
		04AC445E292AB3AA00BEC762 /* Base */ = {isa = PBXFileReference; lastKnownFileType = file.storyboard; name = Base; path = Base.lproj/Main.storyboard; sourceTree = "<group>"; };
		04AC4460292AB3AB00BEC762 /* Assets.xcassets */ = {isa = PBXFileReference; lastKnownFileType = folder.assetcatalog; path = Assets.xcassets; sourceTree = "<group>"; };
		04AC4463292AB3AB00BEC762 /* Base */ = {isa = PBXFileReference; lastKnownFileType = file.storyboard; name = Base; path = Base.lproj/LaunchScreen.storyboard; sourceTree = "<group>"; };
		04AC4465292AB3AB00BEC762 /* Info.plist */ = {isa = PBXFileReference; lastKnownFileType = text.plist.xml; path = Info.plist; sourceTree = "<group>"; };
		04AC446A292AB3AB00BEC762 /* video_playerTests.xctest */ = {isa = PBXFileReference; explicitFileType = wrapper.cfbundle; includeInIndex = 0; path = video_playerTests.xctest; sourceTree = BUILT_PRODUCTS_DIR; };
		04AC446E292AB3AB00BEC762 /* video_playerTests.swift */ = {isa = PBXFileReference; lastKnownFileType = sourcecode.swift; path = video_playerTests.swift; sourceTree = "<group>"; };
		04AC4474292AB3AB00BEC762 /* video_playerUITests.xctest */ = {isa = PBXFileReference; explicitFileType = wrapper.cfbundle; includeInIndex = 0; path = video_playerUITests.xctest; sourceTree = BUILT_PRODUCTS_DIR; };
		04AC4478292AB3AB00BEC762 /* video_playerUITests.swift */ = {isa = PBXFileReference; lastKnownFileType = sourcecode.swift; path = video_playerUITests.swift; sourceTree = "<group>"; };
		04AC447A292AB3AB00BEC762 /* video_playerUITestsLaunchTests.swift */ = {isa = PBXFileReference; lastKnownFileType = sourcecode.swift; path = video_playerUITestsLaunchTests.swift; sourceTree = "<group>"; };
		04AC4487292AB99100BEC762 /* Facebook gives a glimpse of metaverse, its planned virtual reality world.mp4 */ = {isa = PBXFileReference; lastKnownFileType = file; path = "Facebook gives a glimpse of metaverse, its planned virtual reality world.mp4"; sourceTree = "<group>"; };
/* End PBXFileReference section */

/* Begin PBXFrameworksBuildPhase section */
		04AC4451292AB3AA00BEC762 /* Frameworks */ = {
			isa = PBXFrameworksBuildPhase;
			buildActionMask = 2147483647;
			files = (
			);
			runOnlyForDeploymentPostprocessing = 0;
		};
		04AC4467292AB3AB00BEC762 /* Frameworks */ = {
			isa = PBXFrameworksBuildPhase;
			buildActionMask = 2147483647;
			files = (
			);
			runOnlyForDeploymentPostprocessing = 0;
		};
		04AC4471292AB3AB00BEC762 /* Frameworks */ = {
			isa = PBXFrameworksBuildPhase;
			buildActionMask = 2147483647;
			files = (
			);
			runOnlyForDeploymentPostprocessing = 0;
		};
/* End PBXFrameworksBuildPhase section */

/* Begin PBXGroup section */
		04AC444B292AB3AA00BEC762 = {
			isa = PBXGroup;
			children = (
				04AC4456292AB3AA00BEC762 /* video_player */,
				04AC446D292AB3AB00BEC762 /* video_playerTests */,
				04AC4477292AB3AB00BEC762 /* video_playerUITests */,
				04AC4455292AB3AA00BEC762 /* Products */,
			);
			sourceTree = "<group>";
		};
		04AC4455292AB3AA00BEC762 /* Products */ = {
			isa = PBXGroup;
			children = (
				04AC4454292AB3AA00BEC762 /* video_player.app */,
				04AC446A292AB3AB00BEC762 /* video_playerTests.xctest */,
				04AC4474292AB3AB00BEC762 /* video_playerUITests.xctest */,
			);
			name = Products;
			sourceTree = "<group>";
		};
		04AC4456292AB3AA00BEC762 /* video_player */ = {
			isa = PBXGroup;
			children = (
				04AC4487292AB99100BEC762 /* Facebook gives a glimpse of metaverse, its planned virtual reality world.mp4 */,
				04AC4457292AB3AA00BEC762 /* AppDelegate.swift */,
				04AC4459292AB3AA00BEC762 /* SceneDelegate.swift */,
				04AC445B292AB3AA00BEC762 /* ViewController.swift */,
				04AC445D292AB3AA00BEC762 /* Main.storyboard */,
				04AC4460292AB3AB00BEC762 /* Assets.xcassets */,
				04AC4462292AB3AB00BEC762 /* LaunchScreen.storyboard */,
				04AC4465292AB3AB00BEC762 /* Info.plist */,
			);
			path = video_player;
			sourceTree = "<group>";
		};
		04AC446D292AB3AB00BEC762 /* video_playerTests */ = {
			isa = PBXGroup;
			children = (
				04AC446E292AB3AB00BEC762 /* video_playerTests.swift */,
			);
			path = video_playerTests;
			sourceTree = "<group>";
		};
		04AC4477292AB3AB00BEC762 /* video_playerUITests */ = {
			isa = PBXGroup;
			children = (
				04AC4478292AB3AB00BEC762 /* video_playerUITests.swift */,
				04AC447A292AB3AB00BEC762 /* video_playerUITestsLaunchTests.swift */,
			);
			path = video_playerUITests;
			sourceTree = "<group>";
		};
/* End PBXGroup section */

/* Begin PBXNativeTarget section */
		04AC4453292AB3AA00BEC762 /* video_player */ = {
			isa = PBXNativeTarget;
			buildConfigurationList = 04AC447E292AB3AB00BEC762 /* Build configuration list for PBXNativeTarget "video_player" */;
			buildPhases = (
				04AC4450292AB3AA00BEC762 /* Sources */,
				04AC4451292AB3AA00BEC762 /* Frameworks */,
				04AC4452292AB3AA00BEC762 /* Resources */,
			);
			buildRules = (
			);
			dependencies = (
			);
			name = video_player;
			productName = video_player;
			productReference = 04AC4454292AB3AA00BEC762 /* video_player.app */;
			productType = "com.apple.product-type.application";
		};
		04AC4469292AB3AB00BEC762 /* video_playerTests */ = {
			isa = PBXNativeTarget;
			buildConfigurationList = 04AC4481292AB3AB00BEC762 /* Build configuration list for PBXNativeTarget "video_playerTests" */;
			buildPhases = (
				04AC4466292AB3AB00BEC762 /* Sources */,
				04AC4467292AB3AB00BEC762 /* Frameworks */,
				04AC4468292AB3AB00BEC762 /* Resources */,
			);
			buildRules = (
			);
			dependencies = (
				04AC446C292AB3AB00BEC762 /* PBXTargetDependency */,
			);
			name = video_playerTests;
			productName = video_playerTests;
			productReference = 04AC446A292AB3AB00BEC762 /* video_playerTests.xctest */;
			productType = "com.apple.product-type.bundle.unit-test";
		};
		04AC4473292AB3AB00BEC762 /* video_playerUITests */ = {
			isa = PBXNativeTarget;
			buildConfigurationList = 04AC4484292AB3AB00BEC762 /* Build configuration list for PBXNativeTarget "video_playerUITests" */;
			buildPhases = (
				04AC4470292AB3AB00BEC762 /* Sources */,
				04AC4471292AB3AB00BEC762 /* Frameworks */,
				04AC4472292AB3AB00BEC762 /* Resources */,
			);
			buildRules = (
			);
			dependencies = (
				04AC4476292AB3AB00BEC762 /* PBXTargetDependency */,
			);
			name = video_playerUITests;
			productName = video_playerUITests;
			productReference = 04AC4474292AB3AB00BEC762 /* video_playerUITests.xctest */;
			productType = "com.apple.product-type.bundle.ui-testing";
		};
/* End PBXNativeTarget section */

/* Begin PBXProject section */
		04AC444C292AB3AA00BEC762 /* Project object */ = {
			isa = PBXProject;
			attributes = {
				BuildIndependentTargetsInParallel = 1;
				LastSwiftUpdateCheck = 1410;
				LastUpgradeCheck = 1410;
				TargetAttributes = {
					04AC4453292AB3AA00BEC762 = {
						CreatedOnToolsVersion = 14.1;
					};
					04AC4469292AB3AB00BEC762 = {
						CreatedOnToolsVersion = 14.1;
						TestTargetID = 04AC4453292AB3AA00BEC762;
					};
					04AC4473292AB3AB00BEC762 = {
						CreatedOnToolsVersion = 14.1;
						TestTargetID = 04AC4453292AB3AA00BEC762;
					};
				};
			};
			buildConfigurationList = 04AC444F292AB3AA00BEC762 /* Build configuration list for PBXProject "video_player" */;
			compatibilityVersion = "Xcode 14.0";
			developmentRegion = en;
			hasScannedForEncodings = 0;
			knownRegions = (
				en,
				Base,
			);
			mainGroup = 04AC444B292AB3AA00BEC762;
			productRefGroup = 04AC4455292AB3AA00BEC762 /* Products */;
			projectDirPath = "";
			projectRoot = "";
			targets = (
				04AC4453292AB3AA00BEC762 /* video_player */,
				04AC4469292AB3AB00BEC762 /* video_playerTests */,
				04AC4473292AB3AB00BEC762 /* video_playerUITests */,
			);
		};
/* End PBXProject section */

/* Begin PBXResourcesBuildPhase section */
		04AC4452292AB3AA00BEC762 /* Resources */ = {
			isa = PBXResourcesBuildPhase;
			buildActionMask = 2147483647;
			files = (
				04AC4464292AB3AB00BEC762 /* LaunchScreen.storyboard in Resources */,
				04AC4488292AB99100BEC762 /* Facebook gives a glimpse of metaverse, its planned virtual reality world.mp4 in Resources */,
				04AC4461292AB3AB00BEC762 /* Assets.xcassets in Resources */,
				04AC445F292AB3AA00BEC762 /* Main.storyboard in Resources */,
			);
			runOnlyForDeploymentPostprocessing = 0;
		};
		04AC4468292AB3AB00BEC762 /* Resources */ = {
			isa = PBXResourcesBuildPhase;
			buildActionMask = 2147483647;
			files = (
			);
			runOnlyForDeploymentPostprocessing = 0;
		};
		04AC4472292AB3AB00BEC762 /* Resources */ = {
			isa = PBXResourcesBuildPhase;
			buildActionMask = 2147483647;
			files = (
			);
			runOnlyForDeploymentPostprocessing = 0;
		};
/* End PBXResourcesBuildPhase section */

/* Begin PBXSourcesBuildPhase section */
		04AC4450292AB3AA00BEC762 /* Sources */ = {
			isa = PBXSourcesBuildPhase;
			buildActionMask = 2147483647;
			files = (
				04AC445C292AB3AA00BEC762 /* ViewController.swift in Sources */,
				04AC4458292AB3AA00BEC762 /* AppDelegate.swift in Sources */,
				04AC445A292AB3AA00BEC762 /* SceneDelegate.swift in Sources */,
			);
			runOnlyForDeploymentPostprocessing = 0;
		};
		04AC4466292AB3AB00BEC762 /* Sources */ = {
			isa = PBXSourcesBuildPhase;
			buildActionMask = 2147483647;
			files = (
				04AC446F292AB3AB00BEC762 /* video_playerTests.swift in Sources */,
			);
			runOnlyForDeploymentPostprocessing = 0;
		};
		04AC4470292AB3AB00BEC762 /* Sources */ = {
			isa = PBXSourcesBuildPhase;
			buildActionMask = 2147483647;
			files = (
				04AC4479292AB3AB00BEC762 /* video_playerUITests.swift in Sources */,
				04AC447B292AB3AB00BEC762 /* video_playerUITestsLaunchTests.swift in Sources */,
			);
			runOnlyForDeploymentPostprocessing = 0;
		};
/* End PBXSourcesBuildPhase section */

/* Begin PBXTargetDependency section */
		04AC446C292AB3AB00BEC762 /* PBXTargetDependency */ = {
			isa = PBXTargetDependency;
			target = 04AC4453292AB3AA00BEC762 /* video_player */;
			targetProxy = 04AC446B292AB3AB00BEC762 /* PBXContainerItemProxy */;
		};
		04AC4476292AB3AB00BEC762 /* PBXTargetDependency */ = {
			isa = PBXTargetDependency;
			target = 04AC4453292AB3AA00BEC762 /* video_player */;
			targetProxy = 04AC4475292AB3AB00BEC762 /* PBXContainerItemProxy */;
		};
/* End PBXTargetDependency section */

/* Begin PBXVariantGroup section */
		04AC445D292AB3AA00BEC762 /* Main.storyboard */ = {
			isa = PBXVariantGroup;
			children = (
				04AC445E292AB3AA00BEC762 /* Base */,
			);
			name = Main.storyboard;
			sourceTree = "<group>";
		};
		04AC4462292AB3AB00BEC762 /* LaunchScreen.storyboard */ = {
			isa = PBXVariantGroup;
			children = (
				04AC4463292AB3AB00BEC762 /* Base */,
			);
			name = LaunchScreen.storyboard;
			sourceTree = "<group>";
		};
/* End PBXVariantGroup section */

/* Begin XCBuildConfiguration section */
		04AC447C292AB3AB00BEC762 /* Debug */ = {
			isa = XCBuildConfiguration;
			buildSettings = {
				ALWAYS_SEARCH_USER_PATHS = NO;
				CLANG_ANALYZER_NONNULL = YES;
				CLANG_ANALYZER_NUMBER_OBJECT_CONVERSION = YES_AGGRESSIVE;
				CLANG_CXX_LANGUAGE_STANDARD = "gnu++20";
				CLANG_ENABLE_MODULES = YES;
				CLANG_ENABLE_OBJC_ARC = YES;
				CLANG_ENABLE_OBJC_WEAK = YES;
				CLANG_WARN_BLOCK_CAPTURE_AUTORELEASING = YES;
				CLANG_WARN_BOOL_CONVERSION = YES;
				CLANG_WARN_COMMA = YES;
				CLANG_WARN_CONSTANT_CONVERSION = YES;
				CLANG_WARN_DEPRECATED_OBJC_IMPLEMENTATIONS = YES;
				CLANG_WARN_DIRECT_OBJC_ISA_USAGE = YES_ERROR;
				CLANG_WARN_DOCUMENTATION_COMMENTS = YES;
				CLANG_WARN_EMPTY_BODY = YES;
				CLANG_WARN_ENUM_CONVERSION = YES;
				CLANG_WARN_INFINITE_RECURSION = YES;
				CLANG_WARN_INT_CONVERSION = YES;
				CLANG_WARN_NON_LITERAL_NULL_CONVERSION = YES;
				CLANG_WARN_OBJC_IMPLICIT_RETAIN_SELF = YES;
				CLANG_WARN_OBJC_LITERAL_CONVERSION = YES;
				CLANG_WARN_OBJC_ROOT_CLASS = YES_ERROR;
				CLANG_WARN_QUOTED_INCLUDE_IN_FRAMEWORK_HEADER = YES;
				CLANG_WARN_RANGE_LOOP_ANALYSIS = YES;
				CLANG_WARN_STRICT_PROTOTYPES = YES;
				CLANG_WARN_SUSPICIOUS_MOVE = YES;
				CLANG_WARN_UNGUARDED_AVAILABILITY = YES_AGGRESSIVE;
				CLANG_WARN_UNREACHABLE_CODE = YES;
				CLANG_WARN__DUPLICATE_METHOD_MATCH = YES;
				COPY_PHASE_STRIP = NO;
				DEBUG_INFORMATION_FORMAT = dwarf;
				ENABLE_STRICT_OBJC_MSGSEND = YES;
				ENABLE_TESTABILITY = YES;
				GCC_C_LANGUAGE_STANDARD = gnu11;
				GCC_DYNAMIC_NO_PIC = NO;
				GCC_NO_COMMON_BLOCKS = YES;
				GCC_OPTIMIZATION_LEVEL = 0;
				GCC_PREPROCESSOR_DEFINITIONS = (
					"DEBUG=1",
					"$(inherited)",
				);
				GCC_WARN_64_TO_32_BIT_CONVERSION = YES;
				GCC_WARN_ABOUT_RETURN_TYPE = YES_ERROR;
				GCC_WARN_UNDECLARED_SELECTOR = YES;
				GCC_WARN_UNINITIALIZED_AUTOS = YES_AGGRESSIVE;
				GCC_WARN_UNUSED_FUNCTION = YES;
				GCC_WARN_UNUSED_VARIABLE = YES;
				IPHONEOS_DEPLOYMENT_TARGET = 16.1;
				MTL_ENABLE_DEBUG_INFO = INCLUDE_SOURCE;
				MTL_FAST_MATH = YES;
				ONLY_ACTIVE_ARCH = YES;
				SDKROOT = iphoneos;
				SWIFT_ACTIVE_COMPILATION_CONDITIONS = DEBUG;
				SWIFT_OPTIMIZATION_LEVEL = "-Onone";
			};
			name = Debug;
		};
		04AC447D292AB3AB00BEC762 /* Release */ = {
			isa = XCBuildConfiguration;
			buildSettings = {
				ALWAYS_SEARCH_USER_PATHS = NO;
				CLANG_ANALYZER_NONNULL = YES;
				CLANG_ANALYZER_NUMBER_OBJECT_CONVERSION = YES_AGGRESSIVE;
				CLANG_CXX_LANGUAGE_STANDARD = "gnu++20";
				CLANG_ENABLE_MODULES = YES;
				CLANG_ENABLE_OBJC_ARC = YES;
				CLANG_ENABLE_OBJC_WEAK = YES;
				CLANG_WARN_BLOCK_CAPTURE_AUTORELEASING = YES;
				CLANG_WARN_BOOL_CONVERSION = YES;
				CLANG_WARN_COMMA = YES;
				CLANG_WARN_CONSTANT_CONVERSION = YES;
				CLANG_WARN_DEPRECATED_OBJC_IMPLEMENTATIONS = YES;
				CLANG_WARN_DIRECT_OBJC_ISA_USAGE = YES_ERROR;
				CLANG_WARN_DOCUMENTATION_COMMENTS = YES;
				CLANG_WARN_EMPTY_BODY = YES;
				CLANG_WARN_ENUM_CONVERSION = YES;
				CLANG_WARN_INFINITE_RECURSION = YES;
				CLANG_WARN_INT_CONVERSION = YES;
				CLANG_WARN_NON_LITERAL_NULL_CONVERSION = YES;
				CLANG_WARN_OBJC_IMPLICIT_RETAIN_SELF = YES;
				CLANG_WARN_OBJC_LITERAL_CONVERSION = YES;
				CLANG_WARN_OBJC_ROOT_CLASS = YES_ERROR;
				CLANG_WARN_QUOTED_INCLUDE_IN_FRAMEWORK_HEADER = YES;
				CLANG_WARN_RANGE_LOOP_ANALYSIS = YES;
				CLANG_WARN_STRICT_PROTOTYPES = YES;
				CLANG_WARN_SUSPICIOUS_MOVE = YES;
				CLANG_WARN_UNGUARDED_AVAILABILITY = YES_AGGRESSIVE;
				CLANG_WARN_UNREACHABLE_CODE = YES;
				CLANG_WARN__DUPLICATE_METHOD_MATCH = YES;
				COPY_PHASE_STRIP = NO;
				DEBUG_INFORMATION_FORMAT = "dwarf-with-dsym";
				ENABLE_NS_ASSERTIONS = NO;
				ENABLE_STRICT_OBJC_MSGSEND = YES;
				GCC_C_LANGUAGE_STANDARD = gnu11;
				GCC_NO_COMMON_BLOCKS = YES;
				GCC_WARN_64_TO_32_BIT_CONVERSION = YES;
				GCC_WARN_ABOUT_RETURN_TYPE = YES_ERROR;
				GCC_WARN_UNDECLARED_SELECTOR = YES;
				GCC_WARN_UNINITIALIZED_AUTOS = YES_AGGRESSIVE;
				GCC_WARN_UNUSED_FUNCTION = YES;
				GCC_WARN_UNUSED_VARIABLE = YES;
				IPHONEOS_DEPLOYMENT_TARGET = 16.1;
				MTL_ENABLE_DEBUG_INFO = NO;
				MTL_FAST_MATH = YES;
				SDKROOT = iphoneos;
				SWIFT_COMPILATION_MODE = wholemodule;
				SWIFT_OPTIMIZATION_LEVEL = "-O";
				VALIDATE_PRODUCT = YES;
			};
			name = Release;
		};
		04AC447F292AB3AB00BEC762 /* Debug */ = {
			isa = XCBuildConfiguration;
			buildSettings = {
				ASSETCATALOG_COMPILER_APPICON_NAME = AppIcon;
				ASSETCATALOG_COMPILER_GLOBAL_ACCENT_COLOR_NAME = AccentColor;
				CODE_SIGN_STYLE = Automatic;
				CURRENT_PROJECT_VERSION = 1;
				GENERATE_INFOPLIST_FILE = YES;
				INFOPLIST_FILE = video_player/Info.plist;
				INFOPLIST_KEY_UIApplicationSupportsIndirectInputEvents = YES;
				INFOPLIST_KEY_UILaunchStoryboardName = LaunchScreen;
				INFOPLIST_KEY_UIMainStoryboardFile = Main;
				INFOPLIST_KEY_UISupportedInterfaceOrientations_iPad = "UIInterfaceOrientationPortrait UIInterfaceOrientationPortraitUpsideDown UIInterfaceOrientationLandscapeLeft UIInterfaceOrientationLandscapeRight";
				INFOPLIST_KEY_UISupportedInterfaceOrientations_iPhone = "UIInterfaceOrientationPortrait UIInterfaceOrientationLandscapeLeft UIInterfaceOrientationLandscapeRight";
				LD_RUNPATH_SEARCH_PATHS = (
					"$(inherited)",
					"@executable_path/Frameworks",
				);
				MARKETING_VERSION = 1.0;
				PRODUCT_BUNDLE_IDENTIFIER = "rosam.video-player";
				PRODUCT_NAME = "$(TARGET_NAME)";
				SWIFT_EMIT_LOC_STRINGS = YES;
				SWIFT_VERSION = 5.0;
				TARGETED_DEVICE_FAMILY = "1,2";
			};
			name = Debug;
		};
		04AC4480292AB3AB00BEC762 /* Release */ = {
			isa = XCBuildConfiguration;
			buildSettings = {
				ASSETCATALOG_COMPILER_APPICON_NAME = AppIcon;
				ASSETCATALOG_COMPILER_GLOBAL_ACCENT_COLOR_NAME = AccentColor;
				CODE_SIGN_STYLE = Automatic;
				CURRENT_PROJECT_VERSION = 1;
				GENERATE_INFOPLIST_FILE = YES;
				INFOPLIST_FILE = video_player/Info.plist;
				INFOPLIST_KEY_UIApplicationSupportsIndirectInputEvents = YES;
				INFOPLIST_KEY_UILaunchStoryboardName = LaunchScreen;
				INFOPLIST_KEY_UIMainStoryboardFile = Main;
				INFOPLIST_KEY_UISupportedInterfaceOrientations_iPad = "UIInterfaceOrientationPortrait UIInterfaceOrientationPortraitUpsideDown UIInterfaceOrientationLandscapeLeft UIInterfaceOrientationLandscapeRight";
				INFOPLIST_KEY_UISupportedInterfaceOrientations_iPhone = "UIInterfaceOrientationPortrait UIInterfaceOrientationLandscapeLeft UIInterfaceOrientationLandscapeRight";
				LD_RUNPATH_SEARCH_PATHS = (
					"$(inherited)",
					"@executable_path/Frameworks",
				);
				MARKETING_VERSION = 1.0;
				PRODUCT_BUNDLE_IDENTIFIER = "rosam.video-player";
				PRODUCT_NAME = "$(TARGET_NAME)";
				SWIFT_EMIT_LOC_STRINGS = YES;
				SWIFT_VERSION = 5.0;
				TARGETED_DEVICE_FAMILY = "1,2";
			};
			name = Release;
		};
		04AC4482292AB3AB00BEC762 /* Debug */ = {
			isa = XCBuildConfiguration;
			buildSettings = {
				ALWAYS_EMBED_SWIFT_STANDARD_LIBRARIES = YES;
				BUNDLE_LOADER = "$(TEST_HOST)";
				CODE_SIGN_STYLE = Automatic;
				CURRENT_PROJECT_VERSION = 1;
				GENERATE_INFOPLIST_FILE = YES;
				IPHONEOS_DEPLOYMENT_TARGET = 16.1;
				MARKETING_VERSION = 1.0;
				PRODUCT_BUNDLE_IDENTIFIER = "rosam.video-playerTests";
				PRODUCT_NAME = "$(TARGET_NAME)";
				SWIFT_EMIT_LOC_STRINGS = NO;
				SWIFT_VERSION = 5.0;
				TARGETED_DEVICE_FAMILY = "1,2";
				TEST_HOST = "$(BUILT_PRODUCTS_DIR)/video_player.app/$(BUNDLE_EXECUTABLE_FOLDER_PATH)/video_player";
			};
			name = Debug;
		};
		04AC4483292AB3AB00BEC762 /* Release */ = {
			isa = XCBuildConfiguration;
			buildSettings = {
				ALWAYS_EMBED_SWIFT_STANDARD_LIBRARIES = YES;
				BUNDLE_LOADER = "$(TEST_HOST)";
				CODE_SIGN_STYLE = Automatic;
				CURRENT_PROJECT_VERSION = 1;
				GENERATE_INFOPLIST_FILE = YES;
				IPHONEOS_DEPLOYMENT_TARGET = 16.1;
				MARKETING_VERSION = 1.0;
				PRODUCT_BUNDLE_IDENTIFIER = "rosam.video-playerTests";
				PRODUCT_NAME = "$(TARGET_NAME)";
				SWIFT_EMIT_LOC_STRINGS = NO;
				SWIFT_VERSION = 5.0;
				TARGETED_DEVICE_FAMILY = "1,2";
				TEST_HOST = "$(BUILT_PRODUCTS_DIR)/video_player.app/$(BUNDLE_EXECUTABLE_FOLDER_PATH)/video_player";
			};
			name = Release;
		};
		04AC4485292AB3AB00BEC762 /* Debug */ = {
			isa = XCBuildConfiguration;
			buildSettings = {
				ALWAYS_EMBED_SWIFT_STANDARD_LIBRARIES = YES;
				CODE_SIGN_STYLE = Automatic;
				CURRENT_PROJECT_VERSION = 1;
				GENERATE_INFOPLIST_FILE = YES;
				MARKETING_VERSION = 1.0;
				PRODUCT_BUNDLE_IDENTIFIER = "rosam.video-playerUITests";
				PRODUCT_NAME = "$(TARGET_NAME)";
				SWIFT_EMIT_LOC_STRINGS = NO;
				SWIFT_VERSION = 5.0;
				TARGETED_DEVICE_FAMILY = "1,2";
				TEST_TARGET_NAME = video_player;
			};
			name = Debug;
		};
		04AC4486292AB3AB00BEC762 /* Release */ = {
			isa = XCBuildConfiguration;
			buildSettings = {
				ALWAYS_EMBED_SWIFT_STANDARD_LIBRARIES = YES;
				CODE_SIGN_STYLE = Automatic;
				CURRENT_PROJECT_VERSION = 1;
				GENERATE_INFOPLIST_FILE = YES;
				MARKETING_VERSION = 1.0;
				PRODUCT_BUNDLE_IDENTIFIER = "rosam.video-playerUITests";
				PRODUCT_NAME = "$(TARGET_NAME)";
				SWIFT_EMIT_LOC_STRINGS = NO;
				SWIFT_VERSION = 5.0;
				TARGETED_DEVICE_FAMILY = "1,2";
				TEST_TARGET_NAME = video_player;
			};
			name = Release;
		};
/* End XCBuildConfiguration section */

/* Begin XCConfigurationList section */
		04AC444F292AB3AA00BEC762 /* Build configuration list for PBXProject "video_player" */ = {
			isa = XCConfigurationList;
			buildConfigurations = (
				04AC447C292AB3AB00BEC762 /* Debug */,
				04AC447D292AB3AB00BEC762 /* Release */,
			);
			defaultConfigurationIsVisible = 0;
			defaultConfigurationName = Release;
		};
		04AC447E292AB3AB00BEC762 /* Build configuration list for PBXNativeTarget "video_player" */ = {
			isa = XCConfigurationList;
			buildConfigurations = (
				04AC447F292AB3AB00BEC762 /* Debug */,
				04AC4480292AB3AB00BEC762 /* Release */,
			);
			defaultConfigurationIsVisible = 0;
			defaultConfigurationName = Release;
		};
		04AC4481292AB3AB00BEC762 /* Build configuration list for PBXNativeTarget "video_playerTests" */ = {
			isa = XCConfigurationList;
			buildConfigurations = (
				04AC4482292AB3AB00BEC762 /* Debug */,
				04AC4483292AB3AB00BEC762 /* Release */,
			);
			defaultConfigurationIsVisible = 0;
			defaultConfigurationName = Release;
		};
		04AC4484292AB3AB00BEC762 /* Build configuration list for PBXNativeTarget "video_playerUITests" */ = {
			isa = XCConfigurationList;
			buildConfigurations = (
				04AC4485292AB3AB00BEC762 /* Debug */,
				04AC4486292AB3AB00BEC762 /* Release */,
			);
			defaultConfigurationIsVisible = 0;
			defaultConfigurationName = Release;
		};
/* End XCConfigurationList section */
	};
	rootObject = 04AC444C292AB3AA00BEC762 /* Project object */;
}
